
Microsoft Visual Studio Solution File, Format Version 12.00
# Visual Studio 15
VisualStudioVersion = 15.0.26730.16
MinimumVisualStudioVersion = 10.0.40219.1
Project("{FAE04EC0-301F-11D3-BF4B-00C04F79EFBC}") = "ConsoleApp1", "ConsoleApp1\ConsoleApp1.csproj", "{55F60FDC-E834-4550-9DF4-D2622FC6D113}"
EndProject
Project("{FAE04EC0-301F-11D3-BF4B-00C04F79EFBC}") = "ConsoleApp1Tests", "UnitTestProject1\ConsoleApp1Tests.csproj", "{85CC4750-65DE-4324-B523-D8105D421B4A}"
EndProject
Global
	GlobalSection(SolutionConfigurationPlatforms) = preSolution
		Debug|Any CPU = Debug|Any CPU
		Release|Any CPU = Release|Any CPU
	EndGlobalSection
	GlobalSection(ProjectConfigurationPlatforms) = postSolution
		{55F60FDC-E834-4550-9DF4-D2622FC6D113}.Debug|Any CPU.ActiveCfg = Debug|Any CPU
		{55F60FDC-E834-4550-9DF4-D2622FC6D113}.Debug|Any CPU.Build.0 = Debug|Any CPU
		{55F60FDC-E834-4550-9DF4-D2622FC6D113}.Release|Any CPU.ActiveCfg = Release|Any CPU
		{55F60FDC-E834-4550-9DF4-D2622FC6D113}.Release|Any CPU.Build.0 = Release|Any CPU
		{85CC4750-65DE-4324-B523-D8105D421B4A}.Debug|Any CPU.ActiveCfg = Debug|Any CPU
		{85CC4750-65DE-4324-B523-D8105D421B4A}.Debug|Any CPU.Build.0 = Debug|Any CPU
		{85CC4750-65DE-4324-B523-D8105D421B4A}.Release|Any CPU.ActiveCfg = Release|Any CPU
		{85CC4750-65DE-4324-B523-D8105D421B4A}.Release|Any CPU.Build.0 = Release|Any CPU
	EndGlobalSection
	GlobalSection(SolutionProperties) = preSolution
		HideSolutionNode = FALSE
	EndGlobalSection
	GlobalSection(ExtensibilityGlobals) = postSolution
		SolutionGuid = {BF1AB243-65CC-4E30-B75F-48F208DF478D}
	EndGlobalSection
EndGlobal
